schema: '2.0'
stages:
  task_a_benchmark:
    cmd: ./scripts/generate_benchmark_data.sh
    deps:
    - path: data/templates/tool_schemas_L1_to_L5.json
      hash: md5
      md5: 7e2c332fee106031da5a5262858ed1c1
      size: 10197
    - path: data/templates/workflow_prompt_template.txt
      hash: md5
      md5: a04ee8e972e0bdcfde570216f2f85010
      size: 757
    - path: scripts/generate_benchmark_data.sh
      hash: md5
      md5: 8833dacf43f2c3766aeff390f08f7419
      size: 3214
      isexec: true
    - path: src/llm_workflow_agents/data/generate_workflows.py
      hash: md5
      md5: bd954fa91cf9b2f05a3dbdab4a6893df
      size: 77496
    params:
      configs/benchmark/phase1_matrix.yaml:
        task_a:
          models:
          - configs/models/cat_a/gemma3_27b.yaml
          - configs/models/cat_a/qwen3_32b.yaml
          - configs/models/cat_a/qwen35_35b_a3b.yaml
          - configs/models/cat_a/mistral_small_24b.yaml
          - configs/models/cat_a/nemotron_30b.yaml
          - configs/models/cat_a/glm47_flash.yaml
          - configs/models/cat_a/gemma4_26b_a4b.yaml
          - configs/models/cat_a/gemma4_26b_a4b_fp8.yaml
          - configs/models/cat_a/gemma4_31b.yaml
          - configs/models/cat_a/gemma4_31b_fp8.yaml
          - configs/models/cat_a/qwen36_35b_a3b.yaml
          - configs/models/cat_a/qwen36_35b_a3b_fp8.yaml
          - configs/models/cat_a/qwen36_27b.yaml
          - configs/models/cat_a/qwen36_27b_fp8.yaml
          complexity_levels:
          - L1
          - L2
          - L3
          - L4
          - L5
          samples_per_level: 200
          total_evaluations: 14000
    outs:
    - path: data/output/benchmark/task_a
      hash: md5
      md5: 2a0d3203e1d4f0b0cb4b3780deff8fba.dir
      size: 4874485
      nfiles: 11
  task_a_sft_gemma4_26b_a4b:
    cmd: ./scripts/run_phase2_sft.sh --model-config 
      configs/models_exp_a/gemma4_26b_a4b.yaml --sft-config 
      configs/training/sft_cat_a.yaml
    deps:
    - path: configs/models_exp_a/gemma4_26b_a4b.yaml
      hash: md5
      md5: 9894665b15093cecef5b4c4f4675a5ed
      size: 1133
    - path: configs/training/sft_cat_a.yaml
      hash: md5
      md5: faa367d70f2ccec4ac4c0986c9bd68cf
      size: 3519
    - path: data/output/sft/task_a_splits
      hash: md5
      md5: 21e33e25d7bbae63e97a89029b3b4705.dir
      size: 178497572
      nfiles: 3
    - path: scripts/run_phase2_sft.sh
      hash: md5
      md5: aa2c402b6ccb8498fb2cb7d7ce78b37f
      size: 8626
      isexec: true
    - path: src/llm_workflow_agents/training/lora_targets.py
      hash: md5
      md5: 4668724b2b8bb7feb1207fb48c44effa
      size: 9466
    - path: src/llm_workflow_agents/training/sft.py
      hash: md5
      md5: 4320e02a6b52d6790ac9807e63310306
      size: 41316
    outs:
    - path: checkpoints/sft_cat_a/gemma-4-26B-A4B-it
      hash: md5
      md5: 57e40028fe0ddd4cae8c66d95d9cca8e.dir
      size: 560267000
      nfiles: 47
  task_a_grpo:
    cmd: "python scripts/filter_grpo_data.py\n  --input-dir data/output/sft/task_a_splits\n\
      \  --output-dir data/output/grpo/task_a"
    deps:
    - path: data/output/sft/task_a_splits
      hash: md5
      md5: 21e33e25d7bbae63e97a89029b3b4705.dir
      size: 178497572
      nfiles: 3
    - path: scripts/filter_grpo_data.py
      hash: md5
      md5: faecb09d830abbc89d1e0319a45eb50a
      size: 5606
      isexec: true
    outs:
    - path: data/output/grpo/task_a
      hash: md5
      md5: 7a66777ca98751f5368b1e503e8da894.dir
      size: 117698684
      nfiles: 2
  task_a_grpo_gemma4_26b_a4b:
    cmd: ./scripts/run_phase2_grpo.sh --model-config 
      configs/models_exp_a/gemma4_26b_a4b.yaml --grpo-config 
      configs/training/grpo_cat_a.yaml --sft-checkpoint 
      checkpoints/sft_cat_a/gemma-4-26B-A4B-it/checkpoint-500 --skip-filter
    deps:
    - path: checkpoints/sft_cat_a/gemma-4-26B-A4B-it
      hash: md5
      md5: f89238076f5b09ca0d76e5b9ab98e4ec.dir
      size: 980680259
      nfiles: 79
    - path: configs/models_exp_a/gemma4_26b_a4b.yaml
      hash: md5
      md5: 9894665b15093cecef5b4c4f4675a5ed
      size: 1133
    - path: configs/training/grpo_cat_a.yaml
      hash: md5
      md5: c853f90299b81ef97359ab4d0a56a8b3
      size: 3595
    - path: data/output/grpo/task_a
      hash: md5
      md5: 60831c6695e943fd354b86d816b799d3.dir
      size: 83869766
      nfiles: 2
    - path: scripts/run_phase2_grpo.sh
      hash: md5
      md5: 5859236747ad27cb7c4199798a73aeff
      size: 9311
      isexec: true
    - path: src/llm_workflow_agents/eval/tool_call_f1.py
      hash: md5
      md5: db71f85d07050494e8c6dcdff12cbc5c
      size: 15629
    - path: src/llm_workflow_agents/training/grpo.py
      hash: md5
      md5: 9391fc65beb52e3557964f2f1c4ee5e2
      size: 30473
    - path: src/llm_workflow_agents/training/lora_targets.py
      hash: md5
      md5: 4668724b2b8bb7feb1207fb48c44effa
      size: 9466
    - path: src/llm_workflow_agents/training/reward_utils.py
      hash: md5
      md5: d416b9cdcd4f055ef999029116bba7f6
      size: 6799
    - path: src/llm_workflow_agents/training/rewards/reward_business_logic.py
      hash: md5
      md5: b91b50718b6f23aa3a11e42c3174e5e8
      size: 7441
    outs:
    - path: checkpoints/grpo_cat_a/gemma-4-26B-A4B-it
      hash: md5
      md5: e9b711c1f71cf07e6659423766cd23ce.dir
      size: 486840964
      nfiles: 35
  task_a_sft_splits:
    cmd: python scripts/split_task_a_sft.py --input-dir 
      data/output/sft/task_a_cleaned --output-dir data/output/sft/task_a_splits 
      --force
    deps:
    - path: data/output/sft/task_a_cleaned
      hash: md5
      md5: 00064a9eb6740ae2265e507a6b1eb683.dir
      size: 309232126
      nfiles: 10
    - path: scripts/split_task_a_sft.py
      hash: md5
      md5: 3a9e4fb69bb630e22f5ae4bef0337fb4
      size: 11654
      isexec: true
    outs:
    - path: data/output/sft/task_a_splits
      hash: md5
      md5: 53f4fee095b3824b203344075cd3fdd7.dir
      size: 309232126
      nfiles: 3
  task_a_sft_generate:
    cmd: ./scripts/generate_sft_data.sh
    deps:
    - path: data/templates/tool_schemas_L1_to_L5.json
      hash: md5
      md5: 7e2c332fee106031da5a5262858ed1c1
      size: 10197
    - path: data/templates/workflow_prompt_template.txt
      hash: md5
      md5: a04ee8e972e0bdcfde570216f2f85010
      size: 757
    - path: scripts/generate_sft_data.sh
      hash: md5
      md5: a37f1e92c8390d4f5034c91778bea319
      size: 13871
      isexec: true
    - path: src/llm_workflow_agents/data/generate_workflows.py
      hash: md5
      md5: c8a690f7c36ba290199a8a66387e249f
      size: 112011
    outs:
    - path: data/output/sft/task_a
      hash: md5
      md5: 845f97208acc07407206568d70372e33.dir
      size: 267834176
      nfiles: 12
  task_a_sft_clean:
    cmd: python scripts/clean_task_a_sft.py --input-dir 
      data/output/sft/task_a_remediated --input-dir data/output/sft/task_a_voice
      --output-dir data/output/sft/task_a_cleaned --quiet && python 
      scripts/clean_corrupted_conversations.py 
      data/output/sft/task_a_cleaned/*.jsonl --no-backup --quiet
    deps:
    - path: data/output/sft/task_a_remediated
      hash: md5
      md5: ec7f820a15e2692bb25efb0659662813.dir
      size: 250130386
      nfiles: 5
    - path: data/output/sft/task_a_voice
      hash: md5
      md5: f91745b051e916580d22b6f4f3139410.dir
      size: 59050615
      nfiles: 20
    - path: scripts/clean_corrupted_conversations.py
      hash: md5
      md5: ee78878bfdadd1e6a1d8e3d713cb00d2
      size: 12556
    - path: scripts/clean_task_a_sft.py
      hash: md5
      md5: 572d8784da192f61ed5cf71082463ad3
      size: 7560
    - path: src/llm_workflow_agents/data/data_validator.py
      hash: md5
      md5: ff85112aafa0ba5f9cb64a90cd5af3b1
      size: 15383
    outs:
    - path: data/output/sft/task_a_cleaned
      hash: md5
      md5: 00064a9eb6740ae2265e507a6b1eb683.dir
      size: 309232126
      nfiles: 10
  task_a_sft_remediate:
    cmd: python scripts/remediate_task_a_states.py apply --input-dir 
      data/output/sft/task_a --output-dir data/output/sft/task_a_remediated 
      --ledger-dir data/interim/task_a_remediation_ledger --rebuild-prompts 
      --on-unrepairable drop
    deps:
    - path: data/interim/task_a_remediation_ledger
      hash: md5
      md5: c8d31a3dd31948c2b73fa05d36a5ed92.dir
      size: 21379822
      nfiles: 919
    - path: data/output/sft/task_a
      hash: md5
      md5: 845f97208acc07407206568d70372e33.dir
      size: 267834176
      nfiles: 12
    - path: scripts/remediate_task_a_states.py
      hash: md5
      md5: e97ff7d711291eb9df51e204d8d7b56d
      size: 18521
      isexec: true
    - path: src/llm_workflow_agents/data/state_convention.py
      hash: md5
      md5: 0086a92d59ea7d78cb1e48e7475da855
      size: 4493
    - path: src/llm_workflow_agents/data/state_convention_repair.py
      hash: md5
      md5: f93217bc2a8734ab5f80ed3657625f04
      size: 26393
    outs:
    - path: data/output/sft/task_a_remediated
      hash: md5
      md5: ec7f820a15e2692bb25efb0659662813.dir
      size: 250130386
      nfiles: 5
  task_a_sft_gemma4_26b_a4b_c2:
    cmd: ./scripts/run_phase2_sft.sh --model-config 
      configs/models_exp_a/gemma4_26b_a4b.yaml --sft-config 
      configs/training/sft_cat_a_c2.yaml
    deps:
    - path: configs/models_exp_a/gemma4_26b_a4b.yaml
      hash: md5
      md5: 9894665b15093cecef5b4c4f4675a5ed
      size: 1133
    - path: configs/training/sft_cat_a_c2.yaml
      hash: md5
      md5: 40ff88192c049ad8abdb823b0abecc75
      size: 3530
    - path: data/output/sft/task_a_splits
      hash: md5
      md5: 21e33e25d7bbae63e97a89029b3b4705.dir
      size: 178497572
      nfiles: 3
    - path: scripts/run_phase2_sft.sh
      hash: md5
      md5: 5c369d4631817a2360b85d20c6bfc128
      size: 9132
      isexec: true
    - path: src/llm_workflow_agents/training/lora_targets.py
      hash: md5
      md5: 4668724b2b8bb7feb1207fb48c44effa
      size: 9466
    - path: src/llm_workflow_agents/training/sft.py
      hash: md5
      md5: 07e23b96c4cbf293b027a6b2c1b3a75d
      size: 51208
    outs:
    - path: checkpoints/sft_cat_a_c2/gemma-4-26B-A4B-it
      hash: md5
      md5: 50ed6597b51c313f06231ec6f13653d0.dir
      size: 563078376
      nfiles: 48
  task_a_preference_pairs:
    cmd: "python scripts/build_preference_pairs.py --split train\n  --heldout data/output/heldout/cat_a_v2_test_not_in_v1/test.jsonl\n\
      \  --out data/output/preference/task_a/train.jsonl &&\npython scripts/build_preference_pairs.py
      --split validation\n  --heldout data/output/heldout/cat_a_v2_test_not_in_v1/test.jsonl\n\
      \  --out data/output/preference/task_a/validation.jsonl"
    deps:
    - path: data/output/grpo/task_a
      hash: md5
      md5: 7a66777ca98751f5368b1e503e8da894.dir
      size: 117698684
      nfiles: 2
    - path: scripts/build_preference_pairs.py
      hash: md5
      md5: 21a7bf0b8a537a3aa65c9b887d3d4bbc
      size: 8979
    - path: src/llm_workflow_agents/data/heldout_clean_set.py
      hash: md5
      md5: 04de68b8d0f6e2ca39d2e8520395170a
      size: 5019
    - path: src/llm_workflow_agents/data/preference_pairs.py
      hash: md5
      md5: e38228e50cf94226fceb08dc70176e3f
      size: 8084
    outs:
    - path: data/output/preference/task_a/train.jsonl
      hash: md5
      md5: e17149736a6f58208906b4978693f192
      size: 674749564
    - path: data/output/preference/task_a/validation.jsonl
      hash: md5
      md5: e17606c075f642479bca85be84f8fc82
      size: 81718979
  task_a_preference_model_negatives:
    cmd: "python scripts/mine_model_negatives.py\n  --checkpoint checkpoints/sft_cat_a_c2/gemma-4-26B-A4B-it/checkpoint-1767\n\
      \  --heldout data/output/heldout/cat_a_v2_test_not_in_v1/test.jsonl\n  --n-prompts
      400 --tool-share 0.75\n  --out data/output/preference/task_a/model_negatives.jsonl"
    deps:
    - path: checkpoints/sft_cat_a_c2/gemma-4-26B-A4B-it
      hash: md5
      md5: 50ed6597b51c313f06231ec6f13653d0.dir
      size: 563078376
      nfiles: 48
    - path: data/output/grpo/task_a
      hash: md5
      md5: 7a66777ca98751f5368b1e503e8da894.dir
      size: 117698684
      nfiles: 2
    - path: scripts/mine_model_negatives.py
      hash: md5
      md5: 44956e6d6b28a161c62cc8f88a3380c2
      size: 9386
    - path: src/llm_workflow_agents/data/heldout_clean_set.py
      hash: md5
      md5: 04de68b8d0f6e2ca39d2e8520395170a
      size: 5019
    outs:
    - path: data/output/preference/task_a/model_negatives.jsonl
      hash: md5
      md5: b48fe2140f35da9d8f5efa546d595438
      size: 936556
  task_a_dpo_gemma4_26b_a4b:
    cmd: ./scripts/run_phase2_dpo.sh --dpo-config 
      configs/training/dpo_cat_a.yaml --skip-pairs --chunk-steps 100
    deps:
    - path: checkpoints/sft_cat_a_c2/gemma-4-26B-A4B-it
      hash: md5
      md5: 50ed6597b51c313f06231ec6f13653d0.dir
      size: 563078376
      nfiles: 48
    - path: configs/training/dpo_cat_a.yaml
      hash: md5
      md5: 937dcbdcccb6870766dc8a442db812a1
      size: 8795
    - path: data/output/preference/task_a/cap6144
      hash: md5
      md5: 0a9e6012490473d74baaf19b378fae80.dir
      size: 151494575
      nfiles: 3
    - path: scripts/dpo_guardrail_decide.py
      hash: md5
      md5: ba3237aca56d4468591e1d45895aae6f
      size: 4354
    - path: scripts/run_phase2_dpo.sh
      hash: md5
      md5: 416966bde1ac5d76b667817fd0a6d84a
      size: 16790
      isexec: true
    - path: src/llm_workflow_agents/training/dpo.py
      hash: md5
      md5: ede05584729174d3c73ff3045982d050
      size: 41809
    outs:
    - path: checkpoints/dpo_cat_a/gemma-4-26B-A4B-it
      hash: md5
      md5: 26f90ec951f8552a1b0517c2cbeb42c7.dir
      size: 690510834
      nfiles: 51
  task_a_sft_generate_voice:
    cmd: ./scripts/generate_voice_data.sh
    deps:
    - path: data/templates/tool_schemas_L1_to_L5.json
      hash: md5
      md5: 7e2c332fee106031da5a5262858ed1c1
      size: 10197
    - path: data/templates/workflow_prompt_template.txt
      hash: md5
      md5: a04ee8e972e0bdcfde570216f2f85010
      size: 757
    - path: scripts/check_voice_batch.py
      hash: md5
      md5: d8007b3009bad358c355795a3ad1fd7c
      size: 12684
      isexec: true
    - path: scripts/generate_voice_data.sh
      hash: md5
      md5: b1b1f36db4cbad4fb017cd0e6cf75b7a
      size: 10528
      isexec: true
    - path: src/llm_workflow_agents/data/generate_workflows.py
      hash: md5
      md5: c8a690f7c36ba290199a8a66387e249f
      size: 112011
    - path: src/llm_workflow_agents/data/voice_convention.py
      hash: md5
      md5: 78fad20736276c4fdda682fe8063ee38
      size: 21528
    outs:
    - path: data/output/sft/task_a_voice
      hash: md5
      md5: f91745b051e916580d22b6f4f3139410.dir
      size: 59050615
      nfiles: 20
