schema: '2.0'
stages:
  task_a_benchmark:
    cmd: ./scripts/generate_benchmark_data.sh
    deps:
    - path: data/templates/tool_schemas_L1_to_L5.json
      hash: md5
      md5: 7e2c332fee106031da5a5262858ed1c1
      size: 10197
    - path: data/templates/workflow_prompt_template.txt
      hash: md5
      md5: a04ee8e972e0bdcfde570216f2f85010
      size: 757
    - path: scripts/generate_benchmark_data.sh
      hash: md5
      md5: 152977d9d3df3c2fa1389115f8cb3d3e
      size: 2066
      isexec: true
    - path: src/llm_workflow_agents/data/generate_workflows.py
      hash: md5
      md5: 04514ca973b47a22a433414ba11bdb3d
      size: 48510
    params:
      configs/benchmark/phase1_matrix.yaml:
        task_a:
          models:
          - configs/models/cat_a/gemma3_27b.yaml
          - configs/models/cat_a/qwen3_32b.yaml
          - configs/models/cat_a/qwen35_35b_a3b.yaml
          - configs/models/cat_a/mistral_small_24b.yaml
          - configs/models/cat_a/nemotron_30b.yaml
          - configs/models/cat_a/glm47_flash.yaml
          - configs/models/cat_a/gemma4_26b_a4b.yaml
          - configs/models/cat_a/gemma4_31b.yaml
          complexity_levels:
          - L1
          - L2
          - L3
          - L4
          - L5
          samples_per_level: 200
          total_evaluations: 8000
    outs:
    - path: data/output/benchmark/task_a
      hash: md5
      md5: 7784f7e1ed6415f3d2a85f70485d3527.dir
      size: 2734500
      nfiles: 5
  task_a_sft:
    cmd: "./scripts/generate_sft_data.sh && python scripts/clean_task_a_sft.py\n \
      \ --input-dir data/output/sft/task_a\n  --output-dir data/output/sft/task_a_cleaned\n\
      \  --quiet"
    deps:
    - path: data/templates/tool_schemas_L1_to_L5.json
      hash: md5
      md5: 7e2c332fee106031da5a5262858ed1c1
      size: 10197
    - path: data/templates/workflow_prompt_template.txt
      hash: md5
      md5: a04ee8e972e0bdcfde570216f2f85010
      size: 757
    - path: scripts/clean_task_a_sft.py
      hash: md5
      md5: 3dd338df6d35eb9129bbcd2124f1bb9f
      size: 6445
    - path: scripts/generate_sft_data.sh
      hash: md5
      md5: 81aacfbf2b7507ea32ca8670c8b10bae
      size: 5774
      isexec: true
    - path: src/llm_workflow_agents/data/generate_workflows.py
      hash: md5
      md5: 224d2229344cac0e18f0f377d9047aca
      size: 55421
    outs:
    - path: data/output/sft/task_a
      hash: md5
      md5: d112a5e4b77be6c495a8fbe163141273.dir
      size: 114044226
      nfiles: 128
    - path: data/output/sft/task_a_cleaned
      hash: md5
      md5: 8ef8681808e348f82eac36edbbd6c2ae.dir
      size: 227958540
      nfiles: 131
  task_a_sft_gemma4_26b_a4b:
    cmd: ./scripts/run_phase2_sft.sh --model-config 
      configs/models_exp_a/gemma4_26b_a4b.yaml --sft-config 
      configs/training/sft_cat_a.yaml
    deps:
    - path: configs/models_exp_a/gemma4_26b_a4b.yaml
      hash: md5
      md5: 9894665b15093cecef5b4c4f4675a5ed
      size: 1133
    - path: configs/training/sft_cat_a.yaml
      hash: md5
      md5: 6323c277ca12a706ef5ddeab2fe3505f
      size: 1822
    - path: data/output/sft/task_a_cleaned
      hash: md5
      md5: 8ef8681808e348f82eac36edbbd6c2ae.dir
      size: 227958540
      nfiles: 131
    - path: scripts/run_phase2_sft.sh
      hash: md5
      md5: 204fa36d41a44c9b3467dadbf006ebdb
      size: 8227
      isexec: true
    - path: src/llm_workflow_agents/training/lora_targets.py
      hash: md5
      md5: 4668724b2b8bb7feb1207fb48c44effa
      size: 9466
    - path: src/llm_workflow_agents/training/sft.py
      hash: md5
      md5: dc74aa236b849724220ed0cf9b7dfbaf
      size: 34398
    outs:
    - path: checkpoints/sft_cat_a/gemma-4-26B-A4B-it
      hash: md5
      md5: 7c6bd069b79501949ff60b8079af082a.dir
      size: 560242205
      nfiles: 46
  task_a_grpo:
    cmd: "python scripts/filter_grpo_data.py\n  --input-dir data/output/sft/task_a_splits\n\
      \  --output-dir data/output/grpo/task_a"
    deps:
    - path: data/output/sft/task_a_splits
      hash: md5
      md5: 9107615d23d6fbddb26914db88eccad1.dir
      size: 113979270
      nfiles: 3
    - path: scripts/filter_grpo_data.py
      hash: md5
      md5: faecb09d830abbc89d1e0319a45eb50a
      size: 5606
      isexec: true
    outs:
    - path: data/output/grpo/task_a
      hash: md5
      md5: 60831c6695e943fd354b86d816b799d3.dir
      size: 83869766
      nfiles: 2
